
Microsoft Visual Studio Solution File, Format Version 12.00
# Visual Studio Version 17
VisualStudioVersion = 17.0.31423.177
MinimumVisualStudioVersion = 10.0.40219.1
Project("{FAE04EC0-301F-11D3-BF4B-00C04F79EFBC}") = "QuickSort", "QuickSort\QuickSort.csproj", "{ED0DF705-759B-481E-8094-718CB9C6F62D}"
EndProject
Global
	GlobalSection(SolutionConfigurationPlatforms) = preSolution
		Debug|Any CPU = Debug|Any CPU
		Release|Any CPU = Release|Any CPU
	EndGlobalSection
	GlobalSection(ProjectConfigurationPlatforms) = postSolution
		{ED0DF705-759B-481E-8094-718CB9C6F62D}.Debug|Any CPU.ActiveCfg = Debug|Any CPU
		{ED0DF705-759B-481E-8094-718CB9C6F62D}.Debug|Any CPU.Build.0 = Debug|Any CPU
		{ED0DF705-759B-481E-8094-718CB9C6F62D}.Release|Any CPU.ActiveCfg = Release|Any CPU
		{ED0DF705-759B-481E-8094-718CB9C6F62D}.Release|Any CPU.Build.0 = Release|Any CPU
	EndGlobalSection
	GlobalSection(SolutionProperties) = preSolution
		HideSolutionNode = FALSE
	EndGlobalSection
	GlobalSection(ExtensibilityGlobals) = postSolution
		SolutionGuid = {94BC0ED0-F4E3-43F6-9A7F-5B21E64C3D61}
	EndGlobalSection
EndGlobal
